{
  "name": "wechatapp",
  "version": "1.0.0",
  "lockfileVersion": 1,
  "requires": true,
  "dependencies": {
    "dayjs": {
      "version": "1.8.27",
      "resolved": "https://registry.npm.taobao.org/dayjs/download/dayjs-1.8.27.tgz",
      "integrity": "sha1-qK5j7pkK8owFxDDw4WCug1oPu/g="
    },
    "deep-diff": {
      "version": "0.3.8",
      "resolved": "https://registry.npm.taobao.org/deep-diff/download/deep-diff-0.3.8.tgz",
      "integrity": "sha1-wB3mPvsO7JeYgB1Ax+Da4ltYLIQ="
    },
    "qs": {
      "version": "6.9.4",
      "resolved": "https://registry.npm.taobao.org/qs/download/qs-6.9.4.tgz",
      "integrity": "sha1-kJCykNH5FyjTwi5UhDykSupatoc="
    },
    "redux-logger": {
      "version": "3.0.6",
      "resolved": "https://registry.npm.taobao.org/redux-logger/download/redux-logger-3.0.6.tgz",
      "integrity": "sha1-91VZZvMJjzyIYExEnPC69XeCdL8=",
      "requires": {
        "deep-diff": "^0.3.5"
      }
    },
    "redux-thunk": {
      "version": "2.3.0",
      "resolved": "https://registry.npm.taobao.org/redux-thunk/download/redux-thunk-2.3.0.tgz",
      "integrity": "sha1-UcLBmhhe1Rh6qpotCLZm0NZGdiI="
    }
  }
}
